
Microsoft Visual Studio Solution File, Format Version 12.00
# Visual Studio Version 17
VisualStudioVersion = 17.14.36518.9 d17.14
MinimumVisualStudioVersion = 10.0.40219.1
Project("{FAE04EC0-301F-11D3-BF4B-00C04F79EFBC}") = "inheritancePr", "inheritancePr\inheritancePr.csproj", "{F6DB3918-6870-4987-87AD-6468B5B5B132}"
EndProject
Global
	GlobalSection(SolutionConfigurationPlatforms) = preSolution
		Debug|Any CPU = Debug|Any CPU
		Release|Any CPU = Release|Any CPU
	EndGlobalSection
	GlobalSection(ProjectConfigurationPlatforms) = postSolution
		{F6DB3918-6870-4987-87AD-6468B5B5B132}.Debug|Any CPU.ActiveCfg = Debug|Any CPU
		{F6DB3918-6870-4987-87AD-6468B5B5B132}.Debug|Any CPU.Build.0 = Debug|Any CPU
		{F6DB3918-6870-4987-87AD-6468B5B5B132}.Release|Any CPU.ActiveCfg = Release|Any CPU
		{F6DB3918-6870-4987-87AD-6468B5B5B132}.Release|Any CPU.Build.0 = Release|Any CPU
	EndGlobalSection
	GlobalSection(SolutionProperties) = preSolution
		HideSolutionNode = FALSE
	EndGlobalSection
	GlobalSection(ExtensibilityGlobals) = postSolution
		SolutionGuid = {A9FDD892-4A9E-472C-AD63-1245AE70FD08}
	EndGlobalSection
EndGlobal
